# This file is automatically @generated by Cargo.
# It is not intended for manual editing.
version = 4

[[package]]
name = "GCD-of-Strings-1071"
version = "0.1.0"

[[package]]
name = "can-place-flowers-605"
version = "0.1.0"

[[package]]
name = "container-with-most-water-11"
version = "0.1.0"

[[package]]
name = "find-pivot-index-724"
version = "0.1.0"

[[package]]
name = "highest-altitude-1732"
version = "0.1.0"

[[package]]
name = "increasing-triplet-subsequence-334"
version = "0.1.0"

[[package]]
name = "is-subsequence-392"
version = "0.1.0"

[[package]]
name = "kids-and-greatest-candies-1431"
version = "0.1.0"

[[package]]
name = "longest-subarray-of-1-after-delete-1493"
version = "0.1.0"

[[package]]
name = "max-consecutive-ones-III-1004"
version = "0.1.0"

[[package]]
name = "max-k-sum-pairs-1679"
version = "0.1.0"

[[package]]
name = "maximum-average-subarray-643"
version = "0.1.0"

[[package]]
name = "maximum-vowels-1456"
version = "0.1.0"

[[package]]
name = "merge-strings-alternately-1768"
version = "0.1.0"

[[package]]
name = "move-zeroes-283"
version = "0.1.0"

[[package]]
name = "product-array-except-self-238"
version = "0.1.0"

[[package]]
name = "reverse-vowels-345"
version = "0.1.0"

[[package]]
name = "reverse-words-151"
version = "0.1.0"

[[package]]
name = "string-compression-443"
version = "0.1.0"
